// !$*UTF8*$!
{
	archiveVersion = 1;
	classes = {
	};
	objectVersion = 56;
	objects = {

/* Begin PBXBuildFile section */
		DMSPK001 /* Sparkle.framework in Frameworks */ = {isa = PBXBuildFile; fileRef = DMSPK002 /* Sparkle.framework */; };
		DMSPK003 /* Sparkle.framework in Embed Frameworks */ = {isa = PBXBuildFile; fileRef = DMSPK002 /* Sparkle.framework */; settings = {ATTRIBUTES = (CodeSignOnCopy, RemoveHeadersOnCopy, ); }; };
		DM001 /* AppDelegate.swift in Sources */ = {isa = PBXBuildFile; fileRef = DM002 /* AppDelegate.swift */; };
		DM122 /* main.swift in Sources */ = {isa = PBXBuildFile; fileRef = DM123 /* main.swift */; };
		DM100 /* AppIdentifier.swift in Sources */ = {isa = PBXBuildFile; fileRef = DM101 /* AppIdentifier.swift */; };
		DMS001 /* ShortcutsViewController.swift in Sources */ = {isa = PBXBuildFile; fileRef = DMS002 /* ShortcutsViewController.swift */; };
		DMS003 /* AdvancedViewController.swift in Sources */ = {isa = PBXBuildFile; fileRef = DMS004 /* AdvancedViewController.swift */; };
		DMS005 /* ShortcutRecorderButton.swift in Sources */ = {isa = PBXBuildFile; fileRef = DMS006 /* ShortcutRecorderButton.swift */; };
		DMH001 /* GlobalHotkeyManager.swift in Sources */ = {isa = PBXBuildFile; fileRef = DMH002 /* GlobalHotkeyManager.swift */; };
		DM102 /* Mode.swift in Sources */ = {isa = PBXBuildFile; fileRef = DM103 /* Mode.swift */; };
		DM104 /* GlobalAllowList.swift in Sources */ = {isa = PBXBuildFile; fileRef = DM105 /* GlobalAllowList.swift */; };
		DM106 /* WindowLayoutEntry.swift in Sources */ = {isa = PBXBuildFile; fileRef = DM107 /* WindowLayoutEntry.swift */; };
		DM108 /* ModeManager.swift in Sources */ = {isa = PBXBuildFile; fileRef = DM109 /* ModeManager.swift */; };
		DM110 /* ModeSwitchUseCase.swift in Sources */ = {isa = PBXBuildFile; fileRef = DM111 /* ModeSwitchUseCase.swift */; };
		DM112 /* AppLister.swift in Sources */ = {isa = PBXBuildFile; fileRef = DM113 /* AppLister.swift */; };
		DM114 /* AppCloser.swift in Sources */ = {isa = PBXBuildFile; fileRef = DM115 /* AppCloser.swift */; };
		DM116 /* AppLauncher.swift in Sources */ = {isa = PBXBuildFile; fileRef = DM117 /* AppLauncher.swift */; };
		DM118 /* Logger.swift in Sources */ = {isa = PBXBuildFile; fileRef = DM119 /* Logger.swift */; };
		DM120 /* MenuBarController.swift in Sources */ = {isa = PBXBuildFile; fileRef = DM121 /* MenuBarController.swift */; };
		DM300 /* Config.swift in Sources */ = {isa = PBXBuildFile; fileRef = DM301 /* Config.swift */; };
		DM302 /* ConfigStore.swift in Sources */ = {isa = PBXBuildFile; fileRef = DM303 /* ConfigStore.swift */; };
		DM304 /* SettingsWindowController.swift in Sources */ = {isa = PBXBuildFile; fileRef = DM305 /* SettingsWindowController.swift */; };
		DM306 /* SettingsViewController.swift in Sources */ = {isa = PBXBuildFile; fileRef = DM307 /* SettingsViewController.swift */; };
		DM308 /* ModesSidebarController.swift in Sources */ = {isa = PBXBuildFile; fileRef = DM309 /* ModesSidebarController.swift */; };
		DM310 /* ModeDetailViewController.swift in Sources */ = {isa = PBXBuildFile; fileRef = DM311 /* ModeDetailViewController.swift */; };
		DMT002 /* ToastWindow.swift in Sources */ = {isa = PBXBuildFile; fileRef = DMT001 /* ToastWindow.swift */; };
		DMT004 /* ModeSwitchHUD.swift in Sources */ = {isa = PBXBuildFile; fileRef = DMT003 /* ModeSwitchHUD.swift */; };
		DMT006 /* ModeSelectorOverlay.swift in Sources */ = {isa = PBXBuildFile; fileRef = DMT005 /* ModeSelectorOverlay.swift */; };
		DMR001 /* AppIcon.icns in Resources */ = {isa = PBXBuildFile; fileRef = DMR002 /* AppIcon.icns */; };
		DMR003 /* AppIcon.png in Resources */ = {isa = PBXBuildFile; fileRef = DMR004 /* AppIcon.png */; };
		DMR005 /* MenuBarIcon.png in Resources */ = {isa = PBXBuildFile; fileRef = DMR006 /* MenuBarIcon.png */; };
		DMR007 /* ModeIcons in Resources */ = {isa = PBXBuildFile; fileRef = DMR008 /* ModeIcons */; };
/* End PBXBuildFile section */

/* Begin PBXFileReference section */
		DMSPK002 /* Sparkle.framework */ = {isa = PBXFileReference; lastKnownFileType = wrapper.framework; path = Sparkle.framework; sourceTree = "<group>"; };
		DM002 /* AppDelegate.swift */ = {isa = PBXFileReference; lastKnownFileType = sourcecode.swift; path = AppDelegate.swift; sourceTree = "<group>"; };
		DM123 /* main.swift */ = {isa = PBXFileReference; lastKnownFileType = sourcecode.swift; path = main.swift; sourceTree = "<group>"; };
		DM003 /* Info.plist */ = {isa = PBXFileReference; lastKnownFileType = text.plist.xml; path = Info.plist; sourceTree = "<group>"; };
		DM004 /* DeskModes.entitlements */ = {isa = PBXFileReference; lastKnownFileType = text.plist.entitlements; path = DeskModes.entitlements; sourceTree = "<group>"; };
		DM005 /* DeskModes.app */ = {isa = PBXFileReference; explicitFileType = wrapper.application; includeInIndex = 0; path = DeskModes.app; sourceTree = BUILT_PRODUCTS_DIR; };
		DM101 /* AppIdentifier.swift */ = {isa = PBXFileReference; lastKnownFileType = sourcecode.swift; path = AppIdentifier.swift; sourceTree = "<group>"; };
		DM103 /* Mode.swift */ = {isa = PBXFileReference; lastKnownFileType = sourcecode.swift; path = Mode.swift; sourceTree = "<group>"; };
		DM105 /* GlobalAllowList.swift */ = {isa = PBXFileReference; lastKnownFileType = sourcecode.swift; path = GlobalAllowList.swift; sourceTree = "<group>"; };
		DM107 /* WindowLayoutEntry.swift */ = {isa = PBXFileReference; lastKnownFileType = sourcecode.swift; path = WindowLayoutEntry.swift; sourceTree = "<group>"; };
		DM109 /* ModeManager.swift */ = {isa = PBXFileReference; lastKnownFileType = sourcecode.swift; path = ModeManager.swift; sourceTree = "<group>"; };
		DM111 /* ModeSwitchUseCase.swift */ = {isa = PBXFileReference; lastKnownFileType = sourcecode.swift; path = ModeSwitchUseCase.swift; sourceTree = "<group>"; };
		DM113 /* AppLister.swift */ = {isa = PBXFileReference; lastKnownFileType = sourcecode.swift; path = AppLister.swift; sourceTree = "<group>"; };
		DM115 /* AppCloser.swift */ = {isa = PBXFileReference; lastKnownFileType = sourcecode.swift; path = AppCloser.swift; sourceTree = "<group>"; };
		DM117 /* AppLauncher.swift */ = {isa = PBXFileReference; lastKnownFileType = sourcecode.swift; path = AppLauncher.swift; sourceTree = "<group>"; };
		DM119 /* Logger.swift */ = {isa = PBXFileReference; lastKnownFileType = sourcecode.swift; path = Logger.swift; sourceTree = "<group>"; };
		DM121 /* MenuBarController.swift */ = {isa = PBXFileReference; lastKnownFileType = sourcecode.swift; path = MenuBarController.swift; sourceTree = "<group>"; };
		DM301 /* Config.swift */ = {isa = PBXFileReference; lastKnownFileType = sourcecode.swift; path = Config.swift; sourceTree = "<group>"; };
		DM303 /* ConfigStore.swift */ = {isa = PBXFileReference; lastKnownFileType = sourcecode.swift; path = ConfigStore.swift; sourceTree = "<group>"; };
		DM305 /* SettingsWindowController.swift */ = {isa = PBXFileReference; lastKnownFileType = sourcecode.swift; path = SettingsWindowController.swift; sourceTree = "<group>"; };
		DM307 /* SettingsViewController.swift */ = {isa = PBXFileReference; lastKnownFileType = sourcecode.swift; path = SettingsViewController.swift; sourceTree = "<group>"; };
		DM309 /* ModesSidebarController.swift */ = {isa = PBXFileReference; lastKnownFileType = sourcecode.swift; path = ModesSidebarController.swift; sourceTree = "<group>"; };
		DM311 /* ModeDetailViewController.swift */ = {isa = PBXFileReference; lastKnownFileType = sourcecode.swift; path = ModeDetailViewController.swift; sourceTree = "<group>"; };
		DMS002 /* ShortcutsViewController.swift */ = {isa = PBXFileReference; lastKnownFileType = sourcecode.swift; path = ShortcutsViewController.swift; sourceTree = "<group>"; };
		DMS004 /* AdvancedViewController.swift */ = {isa = PBXFileReference; lastKnownFileType = sourcecode.swift; path = AdvancedViewController.swift; sourceTree = "<group>"; };
		DMS006 /* ShortcutRecorderButton.swift */ = {isa = PBXFileReference; lastKnownFileType = sourcecode.swift; path = ShortcutRecorderButton.swift; sourceTree = "<group>"; };
		DMT001 /* ToastWindow.swift */ = {isa = PBXFileReference; lastKnownFileType = sourcecode.swift; path = ToastWindow.swift; sourceTree = "<group>"; };
		DMT003 /* ModeSwitchHUD.swift */ = {isa = PBXFileReference; lastKnownFileType = sourcecode.swift; path = ModeSwitchHUD.swift; sourceTree = "<group>"; };
		DMT005 /* ModeSelectorOverlay.swift */ = {isa = PBXFileReference; lastKnownFileType = sourcecode.swift; path = ModeSelectorOverlay.swift; sourceTree = "<group>"; };
		DMR002 /* AppIcon.icns */ = {isa = PBXFileReference; lastKnownFileType = image.icns; path = AppIcon.icns; sourceTree = "<group>"; };
		DMR004 /* AppIcon.png */ = {isa = PBXFileReference; lastKnownFileType = image.png; path = AppIcon.png; sourceTree = "<group>"; };
		DMR006 /* MenuBarIcon.png */ = {isa = PBXFileReference; lastKnownFileType = image.png; path = MenuBarIcon.png; sourceTree = "<group>"; };
		DMR008 /* ModeIcons */ = {isa = PBXFileReference; lastKnownFileType = folder; path = ModeIcons; sourceTree = "<group>"; };
		DMH002 /* GlobalHotkeyManager.swift */ = {isa = PBXFileReference; lastKnownFileType = sourcecode.swift; path = GlobalHotkeyManager.swift; sourceTree = "<group>"; };
/* End PBXFileReference section */

/* Begin PBXCopyFilesBuildPhase section */
		DMSPK004 /* Embed Frameworks */ = {
			isa = PBXCopyFilesBuildPhase;
			buildActionMask = 2147483647;
			dstPath = "";
			dstSubfolderSpec = 10;
			files = (
				DMSPK003 /* Sparkle.framework in Embed Frameworks */,
			);
			name = "Embed Frameworks";
			runOnlyForDeploymentPostprocessing = 0;
		};
/* End PBXCopyFilesBuildPhase section */

/* Begin PBXFrameworksBuildPhase section */
		DM006 /* Frameworks */ = {
			isa = PBXFrameworksBuildPhase;
			buildActionMask = 2147483647;
			files = (
				DMSPK001 /* Sparkle.framework in Frameworks */,
			);
			runOnlyForDeploymentPostprocessing = 0;
		};
/* End PBXFrameworksBuildPhase section */

/* Begin PBXGroup section */
		DMSPK005 /* Frameworks */ = {
			isa = PBXGroup;
			children = (
				DMSPK002 /* Sparkle.framework */,
			);
			path = Frameworks;
			sourceTree = "<group>";
		};
		DM007 = {
			isa = PBXGroup;
			children = (
				DM008 /* DeskModes */,
				DMSPK005 /* Frameworks */,
				DM009 /* Products */,
			);
			sourceTree = "<group>";
		};
		DM008 /* DeskModes */ = {
			isa = PBXGroup;
			children = (
				DM123 /* main.swift */,
				DM002 /* AppDelegate.swift */,
				DM003 /* Info.plist */,
				DM004 /* DeskModes.entitlements */,
				DM200 /* Domain */,
				DM210 /* Application */,
				DM220 /* Infrastructure */,
				DM230 /* Presentation */,
				DMR000 /* Resources */,
			);
			path = DeskModes;
			sourceTree = "<group>";
		};
		DMR000 /* Resources */ = {
			isa = PBXGroup;
			children = (
				DMR002 /* AppIcon.icns */,
				DMR004 /* AppIcon.png */,
				DMR006 /* MenuBarIcon.png */,
				DMR008 /* ModeIcons */,
			);
			path = Resources;
			sourceTree = "<group>";
		};
		DM009 /* Products */ = {
			isa = PBXGroup;
			children = (
				DM005 /* DeskModes.app */,
			);
			name = Products;
			sourceTree = "<group>";
		};
		DM200 /* Domain */ = {
			isa = PBXGroup;
			children = (
				DM201 /* Entities */,
			);
			path = Domain;
			sourceTree = "<group>";
		};
		DM201 /* Entities */ = {
			isa = PBXGroup;
			children = (
				DM101 /* AppIdentifier.swift */,
				DM301 /* Config.swift */,
				DM105 /* GlobalAllowList.swift */,
				DM103 /* Mode.swift */,
				DM107 /* WindowLayoutEntry.swift */,
			);
			path = Entities;
			sourceTree = "<group>";
		};
		DM210 /* Application */ = {
			isa = PBXGroup;
			children = (
				DM211 /* Services */,
				DM212 /* UseCases */,
			);
			path = Application;
			sourceTree = "<group>";
		};
		DM211 /* Services */ = {
			isa = PBXGroup;
			children = (
				DM109 /* ModeManager.swift */,
			);
			path = Services;
			sourceTree = "<group>";
		};
		DM212 /* UseCases */ = {
			isa = PBXGroup;
			children = (
				DM111 /* ModeSwitchUseCase.swift */,
			);
			path = UseCases;
			sourceTree = "<group>";
		};
		DM220 /* Infrastructure */ = {
			isa = PBXGroup;
			children = (
				DM221 /* Adapters */,
				DMH000 /* Hotkeys */,
				DM223 /* Persistence */,
				DM222 /* Utilities */,
			);
			path = Infrastructure;
			sourceTree = "<group>";
		};
		DMH000 /* Hotkeys */ = {
			isa = PBXGroup;
			children = (
				DMH002 /* GlobalHotkeyManager.swift */,
			);
			path = Hotkeys;
			sourceTree = "<group>";
		};
		DM223 /* Persistence */ = {
			isa = PBXGroup;
			children = (
				DM303 /* ConfigStore.swift */,
			);
			path = Persistence;
			sourceTree = "<group>";
		};
		DM221 /* Adapters */ = {
			isa = PBXGroup;
			children = (
				DM113 /* AppLister.swift */,
				DM115 /* AppCloser.swift */,
				DM117 /* AppLauncher.swift */,
			);
			path = Adapters;
			sourceTree = "<group>";
		};
		DM222 /* Utilities */ = {
			isa = PBXGroup;
			children = (
				DM119 /* Logger.swift */,
			);
			path = Utilities;
			sourceTree = "<group>";
		};
		DM230 /* Presentation */ = {
			isa = PBXGroup;
			children = (
				DM231 /* MenuBar */,
				DM232 /* Settings */,
				DMT000 /* Toast */,
			);
			path = Presentation;
			sourceTree = "<group>";
		};
		DM231 /* MenuBar */ = {
			isa = PBXGroup;
			children = (
				DM121 /* MenuBarController.swift */,
			);
			path = MenuBar;
			sourceTree = "<group>";
		};
		DM232 /* Settings */ = {
			isa = PBXGroup;
			children = (
				DMS004 /* AdvancedViewController.swift */,
				DM311 /* ModeDetailViewController.swift */,
				DM309 /* ModesSidebarController.swift */,
				DM307 /* SettingsViewController.swift */,
				DM305 /* SettingsWindowController.swift */,
				DMS006 /* ShortcutRecorderButton.swift */,
				DMS002 /* ShortcutsViewController.swift */,
			);
			path = Settings;
			sourceTree = "<group>";
		};
		DMT000 /* Toast */ = {
			isa = PBXGroup;
			children = (
				DMT003 /* ModeSwitchHUD.swift */,
				DMT005 /* ModeSelectorOverlay.swift */,
				DMT001 /* ToastWindow.swift */,
			);
			path = Toast;
			sourceTree = "<group>";
		};
/* End PBXGroup section */

/* Begin PBXNativeTarget section */
		DM010 /* DeskModes */ = {
			isa = PBXNativeTarget;
			buildConfigurationList = DM011 /* Build configuration list for PBXNativeTarget "DeskModes" */;
			buildPhases = (
				DM012 /* Sources */,
				DM006 /* Frameworks */,
				DM013 /* Resources */,
				DMSPK004 /* Embed Frameworks */,
			);
			buildRules = (
			);
			dependencies = (
			);
			name = DeskModes;
			productName = DeskModes;
			productReference = DM005 /* DeskModes.app */;
			productType = "com.apple.product-type.application";
		};
/* End PBXNativeTarget section */

/* Begin PBXProject section */
		DM014 /* Project object */ = {
			isa = PBXProject;
			attributes = {
				BuildIndependentTargetsInParallel = 1;
				LastSwiftUpdateCheck = 1500;
				LastUpgradeCheck = 1500;
				TargetAttributes = {
					DM010 = {
						CreatedOnToolsVersion = 15.0;
					};
				};
			};
			buildConfigurationList = DM015 /* Build configuration list for PBXProject "DeskModes" */;
			compatibilityVersion = "Xcode 14.0";
			developmentRegion = en;
			hasScannedForEncodings = 0;
			knownRegions = (
				en,
				Base,
			);
			mainGroup = DM007;
			productRefGroup = DM009 /* Products */;
			projectDirPath = "";
			projectRoot = "";
			targets = (
				DM010 /* DeskModes */,
			);
		};
/* End PBXProject section */

/* Begin PBXResourcesBuildPhase section */
		DM013 /* Resources */ = {
			isa = PBXResourcesBuildPhase;
			buildActionMask = 2147483647;
			files = (
				DMR001 /* AppIcon.icns in Resources */,
				DMR003 /* AppIcon.png in Resources */,
				DMR005 /* MenuBarIcon.png in Resources */,
				DMR007 /* ModeIcons in Resources */,
			);
			runOnlyForDeploymentPostprocessing = 0;
		};
/* End PBXResourcesBuildPhase section */

/* Begin PBXSourcesBuildPhase section */
		DM012 /* Sources */ = {
			isa = PBXSourcesBuildPhase;
			buildActionMask = 2147483647;
			files = (
				DM122 /* main.swift in Sources */,
				DM001 /* AppDelegate.swift in Sources */,
				DM100 /* AppIdentifier.swift in Sources */,
				DM102 /* Mode.swift in Sources */,
				DM104 /* GlobalAllowList.swift in Sources */,
				DM106 /* WindowLayoutEntry.swift in Sources */,
				DM108 /* ModeManager.swift in Sources */,
				DM110 /* ModeSwitchUseCase.swift in Sources */,
				DM112 /* AppLister.swift in Sources */,
				DM114 /* AppCloser.swift in Sources */,
				DM116 /* AppLauncher.swift in Sources */,
				DM118 /* Logger.swift in Sources */,
				DM120 /* MenuBarController.swift in Sources */,
				DM300 /* Config.swift in Sources */,
				DM302 /* ConfigStore.swift in Sources */,
				DM304 /* SettingsWindowController.swift in Sources */,
				DM306 /* SettingsViewController.swift in Sources */,
				DM308 /* ModesSidebarController.swift in Sources */,
				DM310 /* ModeDetailViewController.swift in Sources */,
				DMS001 /* ShortcutsViewController.swift in Sources */,
				DMS003 /* AdvancedViewController.swift in Sources */,
				DMS005 /* ShortcutRecorderButton.swift in Sources */,
				DMT002 /* ToastWindow.swift in Sources */,
				DMT004 /* ModeSwitchHUD.swift in Sources */,
				DMT006 /* ModeSelectorOverlay.swift in Sources */,
				DMH001 /* GlobalHotkeyManager.swift in Sources */,
			);
			runOnlyForDeploymentPostprocessing = 0;
		};
/* End PBXSourcesBuildPhase section */

/* Begin XCBuildConfiguration section */
		DM016 /* Debug */ = {
			isa = XCBuildConfiguration;
			buildSettings = {
				ALWAYS_SEARCH_USER_PATHS = NO;
				ASSETCATALOG_COMPILER_GENERATE_SWIFT_ASSET_SYMBOL_EXTENSIONS = YES;
				CLANG_ANALYZER_NONNULL = YES;
				CLANG_ANALYZER_NUMBER_OBJECT_CONVERSION = YES_AGGRESSIVE;
				CLANG_CXX_LANGUAGE_STANDARD = "gnu++20";
				CLANG_ENABLE_MODULES = YES;
				CLANG_ENABLE_OBJC_ARC = YES;
				CLANG_ENABLE_OBJC_WEAK = YES;
				CLANG_WARN_BLOCK_CAPTURE_AUTORELEASING = YES;
				CLANG_WARN_BOOL_CONVERSION = YES;
				CLANG_WARN_COMMA = YES;
				CLANG_WARN_CONSTANT_CONVERSION = YES;
				CLANG_WARN_DEPRECATED_OBJC_IMPLEMENTATIONS = YES;
				CLANG_WARN_DIRECT_OBJC_ISA_USAGE = YES_ERROR;
				CLANG_WARN_DOCUMENTATION_COMMENTS = YES;
				CLANG_WARN_EMPTY_BODY = YES;
				CLANG_WARN_ENUM_CONVERSION = YES;
				CLANG_WARN_INFINITE_RECURSION = YES;
				CLANG_WARN_INT_CONVERSION = YES;
				CLANG_WARN_NON_LITERAL_NULL_CONVERSION = YES;
				CLANG_WARN_OBJC_IMPLICIT_RETAIN_SELF = YES;
				CLANG_WARN_OBJC_LITERAL_CONVERSION = YES;
				CLANG_WARN_OBJC_ROOT_CLASS = YES_ERROR;
				CLANG_WARN_QUOTED_INCLUDE_IN_FRAMEWORK_HEADER = YES;
				CLANG_WARN_RANGE_LOOP_ANALYSIS = YES;
				CLANG_WARN_STRICT_PROTOTYPES = YES;
				CLANG_WARN_SUSPICIOUS_MOVE = YES;
				CLANG_WARN_UNGUARDED_AVAILABILITY = YES_AGGRESSIVE;
				CLANG_WARN_UNREACHABLE_CODE = YES;
				CLANG_WARN__DUPLICATE_METHOD_MATCH = YES;
				COPY_PHASE_STRIP = NO;
				DEBUG_INFORMATION_FORMAT = dwarf;
				ENABLE_STRICT_OBJC_MSGSEND = YES;
				ENABLE_TESTABILITY = YES;
				ENABLE_USER_SCRIPT_SANDBOXING = YES;
				GCC_C_LANGUAGE_STANDARD = gnu17;
				GCC_DYNAMIC_NO_PIC = NO;
				GCC_NO_COMMON_BLOCKS = YES;
				GCC_OPTIMIZATION_LEVEL = 0;
				GCC_PREPROCESSOR_DEFINITIONS = (
					"DEBUG=1",
					"$(inherited)",
				);
				GCC_WARN_64_TO_32_BIT_CONVERSION = YES;
				GCC_WARN_ABOUT_RETURN_TYPE = YES_ERROR;
				GCC_WARN_UNDECLARED_SELECTOR = YES;
				GCC_WARN_UNINITIALIZED_AUTOS = YES_AGGRESSIVE;
				GCC_WARN_UNUSED_FUNCTION = YES;
				GCC_WARN_UNUSED_VARIABLE = YES;
				MACOSX_DEPLOYMENT_TARGET = 13.0;
				MTL_ENABLE_DEBUG_INFO = INCLUDE_SOURCE;
				MTL_FAST_MATH = YES;
				ONLY_ACTIVE_ARCH = YES;
				SDKROOT = macosx;
				SWIFT_ACTIVE_COMPILATION_CONDITIONS = "DEBUG $(inherited)";
				SWIFT_OPTIMIZATION_LEVEL = "-Onone";
			};
			name = Debug;
		};
		DM017 /* Release */ = {
			isa = XCBuildConfiguration;
			buildSettings = {
				ALWAYS_SEARCH_USER_PATHS = NO;
				ASSETCATALOG_COMPILER_GENERATE_SWIFT_ASSET_SYMBOL_EXTENSIONS = YES;
				CLANG_ANALYZER_NONNULL = YES;
				CLANG_ANALYZER_NUMBER_OBJECT_CONVERSION = YES_AGGRESSIVE;
				CLANG_CXX_LANGUAGE_STANDARD = "gnu++20";
				CLANG_ENABLE_MODULES = YES;
				CLANG_ENABLE_OBJC_ARC = YES;
				CLANG_ENABLE_OBJC_WEAK = YES;
				CLANG_WARN_BLOCK_CAPTURE_AUTORELEASING = YES;
				CLANG_WARN_BOOL_CONVERSION = YES;
				CLANG_WARN_COMMA = YES;
				CLANG_WARN_CONSTANT_CONVERSION = YES;
				CLANG_WARN_DEPRECATED_OBJC_IMPLEMENTATIONS = YES;
				CLANG_WARN_DIRECT_OBJC_ISA_USAGE = YES_ERROR;
				CLANG_WARN_DOCUMENTATION_COMMENTS = YES;
				CLANG_WARN_EMPTY_BODY = YES;
				CLANG_WARN_ENUM_CONVERSION = YES;
				CLANG_WARN_INFINITE_RECURSION = YES;
				CLANG_WARN_INT_CONVERSION = YES;
				CLANG_WARN_NON_LITERAL_NULL_CONVERSION = YES;
				CLANG_WARN_OBJC_IMPLICIT_RETAIN_SELF = YES;
				CLANG_WARN_OBJC_LITERAL_CONVERSION = YES;
				CLANG_WARN_OBJC_ROOT_CLASS = YES_ERROR;
				CLANG_WARN_QUOTED_INCLUDE_IN_FRAMEWORK_HEADER = YES;
				CLANG_WARN_RANGE_LOOP_ANALYSIS = YES;
				CLANG_WARN_STRICT_PROTOTYPES = YES;
				CLANG_WARN_SUSPICIOUS_MOVE = YES;
				CLANG_WARN_UNGUARDED_AVAILABILITY = YES_AGGRESSIVE;
				CLANG_WARN_UNREACHABLE_CODE = YES;
				CLANG_WARN__DUPLICATE_METHOD_MATCH = YES;
				COPY_PHASE_STRIP = NO;
				DEBUG_INFORMATION_FORMAT = "dwarf-with-dsym";
				ENABLE_NS_ASSERTIONS = NO;
				ENABLE_STRICT_OBJC_MSGSEND = YES;
				ENABLE_USER_SCRIPT_SANDBOXING = YES;
				GCC_C_LANGUAGE_STANDARD = gnu17;
				GCC_NO_COMMON_BLOCKS = YES;
				GCC_WARN_64_TO_32_BIT_CONVERSION = YES;
				GCC_WARN_ABOUT_RETURN_TYPE = YES_ERROR;
				GCC_WARN_UNDECLARED_SELECTOR = YES;
				GCC_WARN_UNINITIALIZED_AUTOS = YES_AGGRESSIVE;
				GCC_WARN_UNUSED_FUNCTION = YES;
				GCC_WARN_UNUSED_VARIABLE = YES;
				MACOSX_DEPLOYMENT_TARGET = 13.0;
				MTL_ENABLE_DEBUG_INFO = NO;
				MTL_FAST_MATH = YES;
				SDKROOT = macosx;
				SWIFT_COMPILATION_MODE = wholemodule;
			};
			name = Release;
		};
		DM018 /* Debug */ = {
			isa = XCBuildConfiguration;
			buildSettings = {
				ASSETCATALOG_COMPILER_APPICON_NAME = AppIcon;
				ASSETCATALOG_COMPILER_GLOBAL_ACCENT_COLOR_NAME = AccentColor;
				CODE_SIGN_ENTITLEMENTS = DeskModes/DeskModes.entitlements;
				CODE_SIGN_STYLE = Manual;
				COMBINE_HIDPI_IMAGES = YES;
				CURRENT_PROJECT_VERSION = 1;
				DEVELOPMENT_TEAM = ZC8MCRVRBP;
				ENABLE_HARDENED_RUNTIME = YES;
				FRAMEWORK_SEARCH_PATHS = (
					"$(inherited)",
					"$(PROJECT_DIR)/Frameworks",
				);
				GENERATE_INFOPLIST_FILE = NO;
				INFOPLIST_FILE = DeskModes/Info.plist;
				INFOPLIST_KEY_CFBundleDisplayName = DeskModes;
				INFOPLIST_KEY_LSApplicationCategoryType = "public.app-category.utilities";
				INFOPLIST_KEY_NSHumanReadableCopyright = "";
				INFOPLIST_KEY_NSPrincipalClass = NSApplication;
				LD_RUNPATH_SEARCH_PATHS = (
					"$(inherited)",
					"@executable_path/../Frameworks",
				);
				MARKETING_VERSION = 1.0;
				PRODUCT_BUNDLE_IDENTIFIER = com.art0xdev.DeskModes;
				PRODUCT_NAME = "$(TARGET_NAME)";
				SWIFT_EMIT_LOC_STRINGS = YES;
				SWIFT_VERSION = 5.0;
			};
			name = Debug;
		};
		DM019 /* Release */ = {
			isa = XCBuildConfiguration;
			buildSettings = {
				ASSETCATALOG_COMPILER_APPICON_NAME = AppIcon;
				ASSETCATALOG_COMPILER_GLOBAL_ACCENT_COLOR_NAME = AccentColor;
				CODE_SIGN_ENTITLEMENTS = DeskModes/DeskModes.entitlements;
				CODE_SIGN_STYLE = Manual;
				COMBINE_HIDPI_IMAGES = YES;
				CURRENT_PROJECT_VERSION = 1;
				DEVELOPMENT_TEAM = ZC8MCRVRBP;
				ENABLE_HARDENED_RUNTIME = YES;
				FRAMEWORK_SEARCH_PATHS = (
					"$(inherited)",
					"$(PROJECT_DIR)/Frameworks",
				);
				GENERATE_INFOPLIST_FILE = NO;
				INFOPLIST_FILE = DeskModes/Info.plist;
				INFOPLIST_KEY_CFBundleDisplayName = DeskModes;
				INFOPLIST_KEY_LSApplicationCategoryType = "public.app-category.utilities";
				INFOPLIST_KEY_NSHumanReadableCopyright = "";
				INFOPLIST_KEY_NSPrincipalClass = NSApplication;
				LD_RUNPATH_SEARCH_PATHS = (
					"$(inherited)",
					"@executable_path/../Frameworks",
				);
				MARKETING_VERSION = 1.0;
				PRODUCT_BUNDLE_IDENTIFIER = com.art0xdev.DeskModes;
				PRODUCT_NAME = "$(TARGET_NAME)";
				SWIFT_EMIT_LOC_STRINGS = YES;
				SWIFT_VERSION = 5.0;
			};
			name = Release;
		};
/* End XCBuildConfiguration section */

/* Begin XCConfigurationList section */
		DM011 /* Build configuration list for PBXNativeTarget "DeskModes" */ = {
			isa = XCConfigurationList;
			buildConfigurations = (
				DM018 /* Debug */,
				DM019 /* Release */,
			);
			defaultConfigurationIsVisible = 0;
			defaultConfigurationName = Release;
		};
		DM015 /* Build configuration list for PBXProject "DeskModes" */ = {
			isa = XCConfigurationList;
			buildConfigurations = (
				DM016 /* Debug */,
				DM017 /* Release */,
			);
			defaultConfigurationIsVisible = 0;
			defaultConfigurationName = Release;
		};
/* End XCConfigurationList section */
	};
	rootObject = DM014 /* Project object */;
}
